PODS:
  - Amplify (1.23.0):
    - Amplify/Default (= 1.23.0)
  - Amplify/Default (1.23.0)
  - amplify_auth_cognito_ios (0.0.1):
    - Amplify (= 1.23.0)
    - amplify_flutter_ios
    - Flutter
  - amplify_flutter_ios (0.0.1):
    - Amplify (= 1.23.0)
    - AWSPluginsCore (= 1.23.0)
    - Flutter
  - AWSCore (2.27.10)
  - AWSPluginsCore (1.23.0):
    - Amplify (= 1.23.0)
    - AWSCore (~> 2.27.0)
  - Flutter (1.0.0)

DEPENDENCIES:
  - amplify_auth_cognito_ios (from `.symlinks/plugins/amplify_auth_cognito_ios/ios`)
  - amplify_flutter_ios (from `.symlinks/plugins/amplify_flutter_ios/ios`)
  - Flutter (from `Flutter`)

SPEC REPOS:
  trunk:
    - Amplify
    - AWSCore
    - AWSPluginsCore

EXTERNAL SOURCES:
  amplify_auth_cognito_ios:
    :path: ".symlinks/plugins/amplify_auth_cognito_ios/ios"
  amplify_flutter_ios:
    :path: ".symlinks/plugins/amplify_flutter_ios/ios"
  Flutter:
    :path: Flutter

SPEC CHECKSUMS:
  Amplify: 010d6a71db20812d9e3062db1fe827393d01e584
  amplify_auth_cognito_ios: 672d66106aa0a3f3b014f24e58563031736eca4f
  amplify_flutter_ios: b850afebaa322d97d55aae63851fb8209ea36743
  AWSCore: dbad318b7ff0fd86fb8387d3ad1f30049c05bc58
  AWSPluginsCore: 120cfa265293694921b6595fe00d1cb5ab558847
  Flutter: 50d75fe2f02b26cc09d224853bb45737f8b3214a

PODFILE CHECKSUM: cc1f88378b4bfcf93a6ce00d2c587857c6008d3b

COCOAPODS: 1.11.3
